
Microsoft Visual Studio Solution File, Format Version 12.00
# Visual Studio Version 17
VisualStudioVersion = 17.11.35327.3
MinimumVisualStudioVersion = 10.0.40219.1
Project("{FAE04EC0-301F-11D3-BF4B-00C04F79EFBC}") = "FinalProjectFuerte", "FinalProjectFuerte\FinalProjectFuerte.csproj", "{55CCD689-D4EF-4C6B-80CB-558D3AFE1A64}"
EndProject
Global
	GlobalSection(SolutionConfigurationPlatforms) = preSolution
		Debug|Any CPU = Debug|Any CPU
		Release|Any CPU = Release|Any CPU
	EndGlobalSection
	GlobalSection(ProjectConfigurationPlatforms) = postSolution
		{55CCD689-D4EF-4C6B-80CB-558D3AFE1A64}.Debug|Any CPU.ActiveCfg = Debug|Any CPU
		{55CCD689-D4EF-4C6B-80CB-558D3AFE1A64}.Debug|Any CPU.Build.0 = Debug|Any CPU
		{55CCD689-D4EF-4C6B-80CB-558D3AFE1A64}.Release|Any CPU.ActiveCfg = Release|Any CPU
		{55CCD689-D4EF-4C6B-80CB-558D3AFE1A64}.Release|Any CPU.Build.0 = Release|Any CPU
	EndGlobalSection
	GlobalSection(SolutionProperties) = preSolution
		HideSolutionNode = FALSE
	EndGlobalSection
	GlobalSection(ExtensibilityGlobals) = postSolution
		SolutionGuid = {BC415277-8D06-44C7-9DFF-F9F0A80D931B}
	EndGlobalSection
EndGlobal
